// !$*UTF8*$!
{
	archiveVersion = 1;
	classes = {
	};
	objectVersion = 56;
	objects = {

/* Begin PBXBuildFile section */
		E5495BBD2A5EE4CA000CED59 /* Assets.generated.swift in Sources */ = {isa = PBXBuildFile; fileRef = E5495BBA2A5EE4CA000CED59 /* Assets.generated.swift */; };
		E5495BBE2A5EE4CA000CED59 /* swiftgen.config.yml in Resources */ = {isa = PBXBuildFile; fileRef = E5495BBB2A5EE4CA000CED59 /* swiftgen.config.yml */; };
		E5495BBF2A5EE4CA000CED59 /* template.stencil in Resources */ = {isa = PBXBuildFile; fileRef = E5495BBC2A5EE4CA000CED59 /* template.stencil */; };
		E59AFE582A6516490060CA62 /* Color.xcassets in Resources */ = {isa = PBXBuildFile; fileRef = E59AFE572A6516490060CA62 /* Color.xcassets */; };
		E59AFE5A2A6522FB0060CA62 /* Collection+Extension.swift in Sources */ = {isa = PBXBuildFile; fileRef = E59AFE592A6522FB0060CA62 /* Collection+Extension.swift */; };
		E59AFE5C2A65248F0060CA62 /* UIImageView+Extension.swift in Sources */ = {isa = PBXBuildFile; fileRef = E59AFE5B2A65248F0060CA62 /* UIImageView+Extension.swift */; };
		E59AFE602A65532D0060CA62 /* VideoGameCollectionViewCell.swift in Sources */ = {isa = PBXBuildFile; fileRef = E59AFE5E2A65532D0060CA62 /* VideoGameCollectionViewCell.swift */; };
		E59AFE612A65532D0060CA62 /* VideoGameCollectionViewCell.xib in Resources */ = {isa = PBXBuildFile; fileRef = E59AFE5F2A65532D0060CA62 /* VideoGameCollectionViewCell.xib */; };
		E59AFE632A655E0B0060CA62 /* VideoGameCellPresenter.swift in Sources */ = {isa = PBXBuildFile; fileRef = E59AFE622A655E0B0060CA62 /* VideoGameCellPresenter.swift */; };
		E59AFE662A65623E0060CA62 /* VideoGameCellModel.swift in Sources */ = {isa = PBXBuildFile; fileRef = E59AFE652A65623E0060CA62 /* VideoGameCellModel.swift */; };
		E59CD2A42A67CCBB00B99CF5 /* DetailVideoGameViewController.swift in Sources */ = {isa = PBXBuildFile; fileRef = E59CD2A22A67CCBB00B99CF5 /* DetailVideoGameViewController.swift */; };
		E59CD2A52A67CCBB00B99CF5 /* DetailVideoGameViewController.xib in Resources */ = {isa = PBXBuildFile; fileRef = E59CD2A32A67CCBB00B99CF5 /* DetailVideoGameViewController.xib */; };
		E59CD2A72A67CCED00B99CF5 /* DetailVideoGameRouter.swift in Sources */ = {isa = PBXBuildFile; fileRef = E59CD2A62A67CCED00B99CF5 /* DetailVideoGameRouter.swift */; };
		E59CD2A92A67CCFF00B99CF5 /* DetailVideoGamePresenter.swift in Sources */ = {isa = PBXBuildFile; fileRef = E59CD2A82A67CCFF00B99CF5 /* DetailVideoGamePresenter.swift */; };
		E59CD2AB2A67CD0F00B99CF5 /* DetailVideoGameInteractor.swift in Sources */ = {isa = PBXBuildFile; fileRef = E59CD2AA2A67CD0F00B99CF5 /* DetailVideoGameInteractor.swift */; };
		E59CD2AD2A68053300B99CF5 /* UIImage+Extension.swift in Sources */ = {isa = PBXBuildFile; fileRef = E59CD2AC2A68053300B99CF5 /* UIImage+Extension.swift */; };
		E59DA0E82A6AB15B0029AF33 /* String+Extension.swift in Sources */ = {isa = PBXBuildFile; fileRef = E59DA0E72A6AB15B0029AF33 /* String+Extension.swift */; };
		E5A679292A6123EC0036D886 /* SplashViewController.swift in Sources */ = {isa = PBXBuildFile; fileRef = E5A679272A6123EC0036D886 /* SplashViewController.swift */; };
		E5A6792A2A6123EC0036D886 /* SplashViewController.xib in Resources */ = {isa = PBXBuildFile; fileRef = E5A679282A6123EC0036D886 /* SplashViewController.xib */; };
		E5A6792C2A6124000036D886 /* SplashRouter.swift in Sources */ = {isa = PBXBuildFile; fileRef = E5A6792B2A6124000036D886 /* SplashRouter.swift */; };
		E5A6792E2A6124100036D886 /* SplashPresenter.swift in Sources */ = {isa = PBXBuildFile; fileRef = E5A6792D2A6124100036D886 /* SplashPresenter.swift */; };
		E5A679302A6124220036D886 /* SplashInteractor.swift in Sources */ = {isa = PBXBuildFile; fileRef = E5A6792F2A6124220036D886 /* SplashInteractor.swift */; };
		E5A679332A61302E0036D886 /* BaseViewController.swift in Sources */ = {isa = PBXBuildFile; fileRef = E5A679322A61302E0036D886 /* BaseViewController.swift */; };
		E5A679362A6140370036D886 /* LoadingView.swift in Sources */ = {isa = PBXBuildFile; fileRef = E5A679352A6140370036D886 /* LoadingView.swift */; };
		E5A679382A6141AE0036D886 /* LoadingShowable.swift in Sources */ = {isa = PBXBuildFile; fileRef = E5A679372A6141AE0036D886 /* LoadingShowable.swift */; };
		E5A6793C2A6142B00036D886 /* NoInternetViewController.swift in Sources */ = {isa = PBXBuildFile; fileRef = E5A6793A2A6142B00036D886 /* NoInternetViewController.swift */; };
		E5A6793D2A6142B00036D886 /* NoInternetViewController.xib in Resources */ = {isa = PBXBuildFile; fileRef = E5A6793B2A6142B00036D886 /* NoInternetViewController.xib */; };
		E5A6793F2A6143C10036D886 /* NoInternetPresenter.swift in Sources */ = {isa = PBXBuildFile; fileRef = E5A6793E2A6143C10036D886 /* NoInternetPresenter.swift */; };
		E5A679412A6143D20036D886 /* NoInternetInteractor.swift in Sources */ = {isa = PBXBuildFile; fileRef = E5A679402A6143D20036D886 /* NoInternetInteractor.swift */; };
		E5A679432A6143E10036D886 /* NoInternetRouter.swift in Sources */ = {isa = PBXBuildFile; fileRef = E5A679422A6143E10036D886 /* NoInternetRouter.swift */; };
		E5AE20982A6679F40022B4A9 /* UIApplication+Extension.swift in Sources */ = {isa = PBXBuildFile; fileRef = E5AE20972A6679F30022B4A9 /* UIApplication+Extension.swift */; };
		E5C18DEE2A64349500856941 /* HomeViewController.storyboard in Resources */ = {isa = PBXBuildFile; fileRef = E5C18DED2A64349500856941 /* HomeViewController.storyboard */; };
		E5C18DF02A64387300856941 /* HomePageViewController.swift in Sources */ = {isa = PBXBuildFile; fileRef = E5C18DEF2A64387300856941 /* HomePageViewController.swift */; };
		E5C18DF22A6438AE00856941 /* PageDetailViewController.swift in Sources */ = {isa = PBXBuildFile; fileRef = E5C18DF12A6438AE00856941 /* PageDetailViewController.swift */; };
		E5C9DB2B2A68F9500097FE0B /* UICollectionView+Extension.swift.swift in Sources */ = {isa = PBXBuildFile; fileRef = E5C9DB2A2A68F9500097FE0B /* UICollectionView+Extension.swift.swift */; };
		E5C9DB2F2A6912E00097FE0B /* FavoritesViewController.swift in Sources */ = {isa = PBXBuildFile; fileRef = E5C9DB2D2A6912E00097FE0B /* FavoritesViewController.swift */; };
		E5C9DB302A6912E00097FE0B /* FavoritesViewController.xib in Resources */ = {isa = PBXBuildFile; fileRef = E5C9DB2E2A6912E00097FE0B /* FavoritesViewController.xib */; };
		E5C9DB322A6912FE0097FE0B /* FavoritesInteractor.swift in Sources */ = {isa = PBXBuildFile; fileRef = E5C9DB312A6912FE0097FE0B /* FavoritesInteractor.swift */; };
		E5C9DB342A69130D0097FE0B /* FavoritesPresenter.swift in Sources */ = {isa = PBXBuildFile; fileRef = E5C9DB332A69130D0097FE0B /* FavoritesPresenter.swift */; };
		E5C9DB362A69131A0097FE0B /* FavoritesRouter.swift in Sources */ = {isa = PBXBuildFile; fileRef = E5C9DB352A69131A0097FE0B /* FavoritesRouter.swift */; };
		E5C9DB392A691F3B0097FE0B /* VideoGameTabBarController.swift in Sources */ = {isa = PBXBuildFile; fileRef = E5C9DB382A691F3B0097FE0B /* VideoGameTabBarController.swift */; };
		E5C9DB3B2A691FA50097FE0B /* TabBarRouter.swift in Sources */ = {isa = PBXBuildFile; fileRef = E5C9DB3A2A691FA50097FE0B /* TabBarRouter.swift */; };
		E5C9DB3E2A6950330097FE0B /* CoreDataReturnPersistentContainer.swift in Sources */ = {isa = PBXBuildFile; fileRef = E5C9DB3D2A6950330097FE0B /* CoreDataReturnPersistentContainer.swift */; };
		E5C9DB402A69507F0097FE0B /* MyCoreData in Frameworks */ = {isa = PBXBuildFile; productRef = E5C9DB3F2A69507F0097FE0B /* MyCoreData */; };
		E5C9DB422A6952350097FE0B /* MyCoreDataService+Extension.swift in Sources */ = {isa = PBXBuildFile; fileRef = E5C9DB412A6952350097FE0B /* MyCoreDataService+Extension.swift */; };
		E5CCB80E2A5FEB6500864F1F /* VideoGameAPI in Frameworks */ = {isa = PBXBuildFile; productRef = E5CCB80D2A5FEB6500864F1F /* VideoGameAPI */; };
		E5CCB8112A5FED1800864F1F /* VideoGameService+Extension.swift in Sources */ = {isa = PBXBuildFile; fileRef = E5CCB8102A5FED1800864F1F /* VideoGameService+Extension.swift */; };
		E5CCB8142A5FEE7700864F1F /* GetListVideoGameRequest.swift in Sources */ = {isa = PBXBuildFile; fileRef = E5CCB8132A5FEE7700864F1F /* GetListVideoGameRequest.swift */; };
		E5CCB8172A600AC500864F1F /* VideoGameModel.swift in Sources */ = {isa = PBXBuildFile; fileRef = E5CCB8162A600AC500864F1F /* VideoGameModel.swift */; };
		E5CCB8192A60397800864F1F /* DetailVideoGameModel.swift in Sources */ = {isa = PBXBuildFile; fileRef = E5CCB8182A60397800864F1F /* DetailVideoGameModel.swift */; };
		E5CCB81B2A60410200864F1F /* GetDetailVideoGameRequest.swift in Sources */ = {isa = PBXBuildFile; fileRef = E5CCB81A2A60410200864F1F /* GetDetailVideoGameRequest.swift */; };
		E5D348282A616D6E00322844 /* UIView+Extension.swift in Sources */ = {isa = PBXBuildFile; fileRef = E5D348272A616D6E00322844 /* UIView+Extension.swift */; };
		E5D3482C2A61869600322844 /* HomeViewController.swift in Sources */ = {isa = PBXBuildFile; fileRef = E5D3482A2A61869600322844 /* HomeViewController.swift */; };
		E5D3482F2A6186D500322844 /* HomeInteractor.swift in Sources */ = {isa = PBXBuildFile; fileRef = E5D3482E2A6186D500322844 /* HomeInteractor.swift */; };
		E5D348312A6186E500322844 /* HomePresenter.swift in Sources */ = {isa = PBXBuildFile; fileRef = E5D348302A6186E500322844 /* HomePresenter.swift */; };
		E5D348332A61871100322844 /* HomeRouter.swift in Sources */ = {isa = PBXBuildFile; fileRef = E5D348322A61871100322844 /* HomeRouter.swift */; };
		E5D3D2BD2A5E983A00B98AD1 /* AppDelegate.swift in Sources */ = {isa = PBXBuildFile; fileRef = E5D3D2BC2A5E983A00B98AD1 /* AppDelegate.swift */; };
		E5D3D2BF2A5E983A00B98AD1 /* SceneDelegate.swift in Sources */ = {isa = PBXBuildFile; fileRef = E5D3D2BE2A5E983A00B98AD1 /* SceneDelegate.swift */; };
		E5D3D2C72A5E983A00B98AD1 /* VideoGameApp.xcdatamodeld in Sources */ = {isa = PBXBuildFile; fileRef = E5D3D2C52A5E983A00B98AD1 /* VideoGameApp.xcdatamodeld */; };
		E5D3D2C92A5E983B00B98AD1 /* Assets.xcassets in Resources */ = {isa = PBXBuildFile; fileRef = E5D3D2C82A5E983B00B98AD1 /* Assets.xcassets */; };
		E5D3D2CC2A5E983B00B98AD1 /* LaunchScreen.storyboard in Resources */ = {isa = PBXBuildFile; fileRef = E5D3D2CA2A5E983B00B98AD1 /* LaunchScreen.storyboard */; };
		E5D3D2D72A5E983C00B98AD1 /* VideoGameAppTests.swift in Sources */ = {isa = PBXBuildFile; fileRef = E5D3D2D62A5E983C00B98AD1 /* VideoGameAppTests.swift */; };
		E5D3D2E12A5E983C00B98AD1 /* VideoGameAppUITests.swift in Sources */ = {isa = PBXBuildFile; fileRef = E5D3D2E02A5E983C00B98AD1 /* VideoGameAppUITests.swift */; };
		E5D3D2E32A5E983C00B98AD1 /* VideoGameAppUITestsLaunchTests.swift in Sources */ = {isa = PBXBuildFile; fileRef = E5D3D2E22A5E983C00B98AD1 /* VideoGameAppUITestsLaunchTests.swift */; };
/* End PBXBuildFile section */

/* Begin PBXContainerItemProxy section */
		E5D3D2D32A5E983C00B98AD1 /* PBXContainerItemProxy */ = {
			isa = PBXContainerItemProxy;
			containerPortal = E5D3D2B12A5E983A00B98AD1 /* Project object */;
			proxyType = 1;
			remoteGlobalIDString = E5D3D2B82A5E983A00B98AD1;
			remoteInfo = VideoGameApp;
		};
		E5D3D2DD2A5E983C00B98AD1 /* PBXContainerItemProxy */ = {
			isa = PBXContainerItemProxy;
			containerPortal = E5D3D2B12A5E983A00B98AD1 /* Project object */;
			proxyType = 1;
			remoteGlobalIDString = E5D3D2B82A5E983A00B98AD1;
			remoteInfo = VideoGameApp;
		};
/* End PBXContainerItemProxy section */

/* Begin PBXFileReference section */
		E5495BBA2A5EE4CA000CED59 /* Assets.generated.swift */ = {isa = PBXFileReference; fileEncoding = 4; lastKnownFileType = sourcecode.swift; path = Assets.generated.swift; sourceTree = "<group>"; };
		E5495BBB2A5EE4CA000CED59 /* swiftgen.config.yml */ = {isa = PBXFileReference; fileEncoding = 4; lastKnownFileType = text.yaml; path = swiftgen.config.yml; sourceTree = "<group>"; };
		E5495BBC2A5EE4CA000CED59 /* template.stencil */ = {isa = PBXFileReference; fileEncoding = 4; lastKnownFileType = text; path = template.stencil; sourceTree = "<group>"; };
		E59AFE572A6516490060CA62 /* Color.xcassets */ = {isa = PBXFileReference; lastKnownFileType = folder.assetcatalog; path = Color.xcassets; sourceTree = "<group>"; };
		E59AFE592A6522FB0060CA62 /* Collection+Extension.swift */ = {isa = PBXFileReference; lastKnownFileType = sourcecode.swift; path = "Collection+Extension.swift"; sourceTree = "<group>"; };
		E59AFE5B2A65248F0060CA62 /* UIImageView+Extension.swift */ = {isa = PBXFileReference; lastKnownFileType = sourcecode.swift; path = "UIImageView+Extension.swift"; sourceTree = "<group>"; };
		E59AFE5E2A65532D0060CA62 /* VideoGameCollectionViewCell.swift */ = {isa = PBXFileReference; lastKnownFileType = sourcecode.swift; path = VideoGameCollectionViewCell.swift; sourceTree = "<group>"; };
		E59AFE5F2A65532D0060CA62 /* VideoGameCollectionViewCell.xib */ = {isa = PBXFileReference; lastKnownFileType = file.xib; path = VideoGameCollectionViewCell.xib; sourceTree = "<group>"; };
		E59AFE622A655E0B0060CA62 /* VideoGameCellPresenter.swift */ = {isa = PBXFileReference; lastKnownFileType = sourcecode.swift; path = VideoGameCellPresenter.swift; sourceTree = "<group>"; };
		E59AFE652A65623E0060CA62 /* VideoGameCellModel.swift */ = {isa = PBXFileReference; lastKnownFileType = sourcecode.swift; path = VideoGameCellModel.swift; sourceTree = "<group>"; };
		E59CD2A22A67CCBB00B99CF5 /* DetailVideoGameViewController.swift */ = {isa = PBXFileReference; lastKnownFileType = sourcecode.swift; path = DetailVideoGameViewController.swift; sourceTree = "<group>"; };
		E59CD2A32A67CCBB00B99CF5 /* DetailVideoGameViewController.xib */ = {isa = PBXFileReference; lastKnownFileType = file.xib; path = DetailVideoGameViewController.xib; sourceTree = "<group>"; };
		E59CD2A62A67CCED00B99CF5 /* DetailVideoGameRouter.swift */ = {isa = PBXFileReference; lastKnownFileType = sourcecode.swift; path = DetailVideoGameRouter.swift; sourceTree = "<group>"; };
		E59CD2A82A67CCFF00B99CF5 /* DetailVideoGamePresenter.swift */ = {isa = PBXFileReference; lastKnownFileType = sourcecode.swift; path = DetailVideoGamePresenter.swift; sourceTree = "<group>"; };
		E59CD2AA2A67CD0F00B99CF5 /* DetailVideoGameInteractor.swift */ = {isa = PBXFileReference; lastKnownFileType = sourcecode.swift; path = DetailVideoGameInteractor.swift; sourceTree = "<group>"; };
		E59CD2AC2A68053300B99CF5 /* UIImage+Extension.swift */ = {isa = PBXFileReference; lastKnownFileType = sourcecode.swift; path = "UIImage+Extension.swift"; sourceTree = "<group>"; };
		E59DA0E72A6AB15B0029AF33 /* String+Extension.swift */ = {isa = PBXFileReference; lastKnownFileType = sourcecode.swift; path = "String+Extension.swift"; sourceTree = "<group>"; };
		E5A679272A6123EC0036D886 /* SplashViewController.swift */ = {isa = PBXFileReference; lastKnownFileType = sourcecode.swift; path = SplashViewController.swift; sourceTree = "<group>"; };
		E5A679282A6123EC0036D886 /* SplashViewController.xib */ = {isa = PBXFileReference; lastKnownFileType = file.xib; path = SplashViewController.xib; sourceTree = "<group>"; };
		E5A6792B2A6124000036D886 /* SplashRouter.swift */ = {isa = PBXFileReference; lastKnownFileType = sourcecode.swift; path = SplashRouter.swift; sourceTree = "<group>"; };
		E5A6792D2A6124100036D886 /* SplashPresenter.swift */ = {isa = PBXFileReference; lastKnownFileType = sourcecode.swift; path = SplashPresenter.swift; sourceTree = "<group>"; };
		E5A6792F2A6124220036D886 /* SplashInteractor.swift */ = {isa = PBXFileReference; lastKnownFileType = sourcecode.swift; path = SplashInteractor.swift; sourceTree = "<group>"; };
		E5A679322A61302E0036D886 /* BaseViewController.swift */ = {isa = PBXFileReference; lastKnownFileType = sourcecode.swift; path = BaseViewController.swift; sourceTree = "<group>"; };
		E5A679352A6140370036D886 /* LoadingView.swift */ = {isa = PBXFileReference; lastKnownFileType = sourcecode.swift; path = LoadingView.swift; sourceTree = "<group>"; };
		E5A679372A6141AE0036D886 /* LoadingShowable.swift */ = {isa = PBXFileReference; lastKnownFileType = sourcecode.swift; path = LoadingShowable.swift; sourceTree = "<group>"; };
		E5A6793A2A6142B00036D886 /* NoInternetViewController.swift */ = {isa = PBXFileReference; lastKnownFileType = sourcecode.swift; path = NoInternetViewController.swift; sourceTree = "<group>"; };
		E5A6793B2A6142B00036D886 /* NoInternetViewController.xib */ = {isa = PBXFileReference; lastKnownFileType = file.xib; path = NoInternetViewController.xib; sourceTree = "<group>"; };
		E5A6793E2A6143C10036D886 /* NoInternetPresenter.swift */ = {isa = PBXFileReference; lastKnownFileType = sourcecode.swift; path = NoInternetPresenter.swift; sourceTree = "<group>"; };
		E5A679402A6143D20036D886 /* NoInternetInteractor.swift */ = {isa = PBXFileReference; lastKnownFileType = sourcecode.swift; path = NoInternetInteractor.swift; sourceTree = "<group>"; };
		E5A679422A6143E10036D886 /* NoInternetRouter.swift */ = {isa = PBXFileReference; lastKnownFileType = sourcecode.swift; path = NoInternetRouter.swift; sourceTree = "<group>"; };
		E5AE20972A6679F30022B4A9 /* UIApplication+Extension.swift */ = {isa = PBXFileReference; lastKnownFileType = sourcecode.swift; path = "UIApplication+Extension.swift"; sourceTree = "<group>"; };
		E5C18DED2A64349500856941 /* HomeViewController.storyboard */ = {isa = PBXFileReference; lastKnownFileType = file.storyboard; path = HomeViewController.storyboard; sourceTree = "<group>"; };
		E5C18DEF2A64387300856941 /* HomePageViewController.swift */ = {isa = PBXFileReference; lastKnownFileType = sourcecode.swift; path = HomePageViewController.swift; sourceTree = "<group>"; };
		E5C18DF12A6438AE00856941 /* PageDetailViewController.swift */ = {isa = PBXFileReference; lastKnownFileType = sourcecode.swift; path = PageDetailViewController.swift; sourceTree = "<group>"; };
		E5C9DB2A2A68F9500097FE0B /* UICollectionView+Extension.swift.swift */ = {isa = PBXFileReference; lastKnownFileType = sourcecode.swift; path = "UICollectionView+Extension.swift.swift"; sourceTree = "<group>"; };
		E5C9DB2D2A6912E00097FE0B /* FavoritesViewController.swift */ = {isa = PBXFileReference; lastKnownFileType = sourcecode.swift; path = FavoritesViewController.swift; sourceTree = "<group>"; };
		E5C9DB2E2A6912E00097FE0B /* FavoritesViewController.xib */ = {isa = PBXFileReference; lastKnownFileType = file.xib; path = FavoritesViewController.xib; sourceTree = "<group>"; };
		E5C9DB312A6912FE0097FE0B /* FavoritesInteractor.swift */ = {isa = PBXFileReference; lastKnownFileType = sourcecode.swift; path = FavoritesInteractor.swift; sourceTree = "<group>"; };
		E5C9DB332A69130D0097FE0B /* FavoritesPresenter.swift */ = {isa = PBXFileReference; lastKnownFileType = sourcecode.swift; path = FavoritesPresenter.swift; sourceTree = "<group>"; };
		E5C9DB352A69131A0097FE0B /* FavoritesRouter.swift */ = {isa = PBXFileReference; lastKnownFileType = sourcecode.swift; path = FavoritesRouter.swift; sourceTree = "<group>"; };
		E5C9DB382A691F3B0097FE0B /* VideoGameTabBarController.swift */ = {isa = PBXFileReference; lastKnownFileType = sourcecode.swift; path = VideoGameTabBarController.swift; sourceTree = "<group>"; };
		E5C9DB3A2A691FA50097FE0B /* TabBarRouter.swift */ = {isa = PBXFileReference; lastKnownFileType = sourcecode.swift; path = TabBarRouter.swift; sourceTree = "<group>"; };
		E5C9DB3C2A6941EE0097FE0B /* MyCoreData */ = {isa = PBXFileReference; lastKnownFileType = wrapper; name = MyCoreData; path = ../MyCoreData; sourceTree = "<group>"; };
		E5C9DB3D2A6950330097FE0B /* CoreDataReturnPersistentContainer.swift */ = {isa = PBXFileReference; lastKnownFileType = sourcecode.swift; path = CoreDataReturnPersistentContainer.swift; sourceTree = "<group>"; };
		E5C9DB412A6952350097FE0B /* MyCoreDataService+Extension.swift */ = {isa = PBXFileReference; lastKnownFileType = sourcecode.swift; path = "MyCoreDataService+Extension.swift"; sourceTree = "<group>"; };
		E5CCB80B2A5FBDD800864F1F /* VideoGameAPI */ = {isa = PBXFileReference; lastKnownFileType = wrapper; name = VideoGameAPI; path = ../VideoGameAPI; sourceTree = "<group>"; };
		E5CCB8102A5FED1800864F1F /* VideoGameService+Extension.swift */ = {isa = PBXFileReference; lastKnownFileType = sourcecode.swift; path = "VideoGameService+Extension.swift"; sourceTree = "<group>"; };
		E5CCB8132A5FEE7700864F1F /* GetListVideoGameRequest.swift */ = {isa = PBXFileReference; lastKnownFileType = sourcecode.swift; path = GetListVideoGameRequest.swift; sourceTree = "<group>"; };
		E5CCB8162A600AC500864F1F /* VideoGameModel.swift */ = {isa = PBXFileReference; lastKnownFileType = sourcecode.swift; path = VideoGameModel.swift; sourceTree = "<group>"; };
		E5CCB8182A60397800864F1F /* DetailVideoGameModel.swift */ = {isa = PBXFileReference; lastKnownFileType = sourcecode.swift; path = DetailVideoGameModel.swift; sourceTree = "<group>"; };
		E5CCB81A2A60410200864F1F /* GetDetailVideoGameRequest.swift */ = {isa = PBXFileReference; lastKnownFileType = sourcecode.swift; path = GetDetailVideoGameRequest.swift; sourceTree = "<group>"; };
		E5D348272A616D6E00322844 /* UIView+Extension.swift */ = {isa = PBXFileReference; lastKnownFileType = sourcecode.swift; path = "UIView+Extension.swift"; sourceTree = "<group>"; };
		E5D3482A2A61869600322844 /* HomeViewController.swift */ = {isa = PBXFileReference; lastKnownFileType = sourcecode.swift; path = HomeViewController.swift; sourceTree = "<group>"; };
		E5D3482E2A6186D500322844 /* HomeInteractor.swift */ = {isa = PBXFileReference; lastKnownFileType = sourcecode.swift; path = HomeInteractor.swift; sourceTree = "<group>"; };
		E5D348302A6186E500322844 /* HomePresenter.swift */ = {isa = PBXFileReference; lastKnownFileType = sourcecode.swift; path = HomePresenter.swift; sourceTree = "<group>"; };
		E5D348322A61871100322844 /* HomeRouter.swift */ = {isa = PBXFileReference; lastKnownFileType = sourcecode.swift; path = HomeRouter.swift; sourceTree = "<group>"; };
		E5D3D2B92A5E983A00B98AD1 /* VideoGameApp.app */ = {isa = PBXFileReference; explicitFileType = wrapper.application; includeInIndex = 0; path = VideoGameApp.app; sourceTree = BUILT_PRODUCTS_DIR; };
		E5D3D2BC2A5E983A00B98AD1 /* AppDelegate.swift */ = {isa = PBXFileReference; lastKnownFileType = sourcecode.swift; path = AppDelegate.swift; sourceTree = "<group>"; };
		E5D3D2BE2A5E983A00B98AD1 /* SceneDelegate.swift */ = {isa = PBXFileReference; lastKnownFileType = sourcecode.swift; path = SceneDelegate.swift; sourceTree = "<group>"; };
		E5D3D2C62A5E983A00B98AD1 /* VideoGameApp.xcdatamodel */ = {isa = PBXFileReference; lastKnownFileType = wrapper.xcdatamodel; path = VideoGameApp.xcdatamodel; sourceTree = "<group>"; };
		E5D3D2C82A5E983B00B98AD1 /* Assets.xcassets */ = {isa = PBXFileReference; lastKnownFileType = folder.assetcatalog; path = Assets.xcassets; sourceTree = "<group>"; };
		E5D3D2CB2A5E983B00B98AD1 /* Base */ = {isa = PBXFileReference; lastKnownFileType = file.storyboard; name = Base; path = Base.lproj/LaunchScreen.storyboard; sourceTree = "<group>"; };
		E5D3D2CD2A5E983B00B98AD1 /* Info.plist */ = {isa = PBXFileReference; lastKnownFileType = text.plist.xml; path = Info.plist; sourceTree = "<group>"; };
		E5D3D2D22A5E983C00B98AD1 /* VideoGameAppTests.xctest */ = {isa = PBXFileReference; explicitFileType = wrapper.cfbundle; includeInIndex = 0; path = VideoGameAppTests.xctest; sourceTree = BUILT_PRODUCTS_DIR; };
		E5D3D2D62A5E983C00B98AD1 /* VideoGameAppTests.swift */ = {isa = PBXFileReference; lastKnownFileType = sourcecode.swift; path = VideoGameAppTests.swift; sourceTree = "<group>"; };
		E5D3D2DC2A5E983C00B98AD1 /* VideoGameAppUITests.xctest */ = {isa = PBXFileReference; explicitFileType = wrapper.cfbundle; includeInIndex = 0; path = VideoGameAppUITests.xctest; sourceTree = BUILT_PRODUCTS_DIR; };
		E5D3D2E02A5E983C00B98AD1 /* VideoGameAppUITests.swift */ = {isa = PBXFileReference; lastKnownFileType = sourcecode.swift; path = VideoGameAppUITests.swift; sourceTree = "<group>"; };
		E5D3D2E22A5E983C00B98AD1 /* VideoGameAppUITestsLaunchTests.swift */ = {isa = PBXFileReference; lastKnownFileType = sourcecode.swift; path = VideoGameAppUITestsLaunchTests.swift; sourceTree = "<group>"; };
/* End PBXFileReference section */

/* Begin PBXFrameworksBuildPhase section */
		E5D3D2B62A5E983A00B98AD1 /* Frameworks */ = {
			isa = PBXFrameworksBuildPhase;
			buildActionMask = 2147483647;
			files = (
				E5CCB80E2A5FEB6500864F1F /* VideoGameAPI in Frameworks */,
				E5C9DB402A69507F0097FE0B /* MyCoreData in Frameworks */,
			);
			runOnlyForDeploymentPostprocessing = 0;
		};
		E5D3D2CF2A5E983C00B98AD1 /* Frameworks */ = {
			isa = PBXFrameworksBuildPhase;
			buildActionMask = 2147483647;
			files = (
			);
			runOnlyForDeploymentPostprocessing = 0;
		};
		E5D3D2D92A5E983C00B98AD1 /* Frameworks */ = {
			isa = PBXFrameworksBuildPhase;
			buildActionMask = 2147483647;
			files = (
			);
			runOnlyForDeploymentPostprocessing = 0;
		};
/* End PBXFrameworksBuildPhase section */

/* Begin PBXGroup section */
		E5495BB92A5EE4CA000CED59 /* SwiftGen */ = {
			isa = PBXGroup;
			children = (
				E5495BBA2A5EE4CA000CED59 /* Assets.generated.swift */,
				E5495BBB2A5EE4CA000CED59 /* swiftgen.config.yml */,
				E5495BBC2A5EE4CA000CED59 /* template.stencil */,
			);
			path = SwiftGen;
			sourceTree = "<group>";
		};
		E59AFE5D2A6553020060CA62 /* Cell */ = {
			isa = PBXGroup;
			children = (
				E59AFE5E2A65532D0060CA62 /* VideoGameCollectionViewCell.swift */,
				E59AFE622A655E0B0060CA62 /* VideoGameCellPresenter.swift */,
				E59AFE5F2A65532D0060CA62 /* VideoGameCollectionViewCell.xib */,
			);
			path = Cell;
			sourceTree = "<group>";
		};
		E59AFE642A6561B10060CA62 /* Model */ = {
			isa = PBXGroup;
			children = (
				E59AFE652A65623E0060CA62 /* VideoGameCellModel.swift */,
			);
			path = Model;
			sourceTree = "<group>";
		};
		E59CD2A12A67CC7C00B99CF5 /* DetailVideoGame */ = {
			isa = PBXGroup;
			children = (
				E59CD2AA2A67CD0F00B99CF5 /* DetailVideoGameInteractor.swift */,
				E59CD2A82A67CCFF00B99CF5 /* DetailVideoGamePresenter.swift */,
				E59CD2A62A67CCED00B99CF5 /* DetailVideoGameRouter.swift */,
				E59CD2A22A67CCBB00B99CF5 /* DetailVideoGameViewController.swift */,
				E59CD2A32A67CCBB00B99CF5 /* DetailVideoGameViewController.xib */,
			);
			path = DetailVideoGame;
			sourceTree = "<group>";
		};
		E5A679252A6121F30036D886 /* Module */ = {
			isa = PBXGroup;
			children = (
				E5A679312A6130060036D886 /* Base */,
				E59CD2A12A67CC7C00B99CF5 /* DetailVideoGame */,
				E5C9DB2C2A6912740097FE0B /* Favorites */,
				E5D348292A61867F00322844 /* Home */,
				E5A679392A61427B0036D886 /* NoInternet */,
				E5A679262A6122160036D886 /* Splash */,
				E5C9DB372A691EF90097FE0B /* TabBar */,
			);
			path = Module;
			sourceTree = "<group>";
		};
		E5A679262A6122160036D886 /* Splash */ = {
			isa = PBXGroup;
			children = (
				E5A6792F2A6124220036D886 /* SplashInteractor.swift */,
				E5A6792D2A6124100036D886 /* SplashPresenter.swift */,
				E5A6792B2A6124000036D886 /* SplashRouter.swift */,
				E5A679272A6123EC0036D886 /* SplashViewController.swift */,
				E5A679282A6123EC0036D886 /* SplashViewController.xib */,
			);
			path = Splash;
			sourceTree = "<group>";
		};
		E5A679312A6130060036D886 /* Base */ = {
			isa = PBXGroup;
			children = (
				E5A679322A61302E0036D886 /* BaseViewController.swift */,
			);
			path = Base;
			sourceTree = "<group>";
		};
		E5A679342A61401C0036D886 /* CustomView */ = {
			isa = PBXGroup;
			children = (
				E5A679352A6140370036D886 /* LoadingView.swift */,
			);
			path = CustomView;
			sourceTree = "<group>";
		};
		E5A679392A61427B0036D886 /* NoInternet */ = {
			isa = PBXGroup;
			children = (
				E5A679402A6143D20036D886 /* NoInternetInteractor.swift */,
				E5A6793E2A6143C10036D886 /* NoInternetPresenter.swift */,
				E5A679422A6143E10036D886 /* NoInternetRouter.swift */,
				E5A6793A2A6142B00036D886 /* NoInternetViewController.swift */,
				E5A6793B2A6142B00036D886 /* NoInternetViewController.xib */,
			);
			path = NoInternet;
			sourceTree = "<group>";
		};
		E5C9DB2C2A6912740097FE0B /* Favorites */ = {
			isa = PBXGroup;
			children = (
				E5C9DB312A6912FE0097FE0B /* FavoritesInteractor.swift */,
				E5C9DB332A69130D0097FE0B /* FavoritesPresenter.swift */,
				E5C9DB352A69131A0097FE0B /* FavoritesRouter.swift */,
				E5C9DB2D2A6912E00097FE0B /* FavoritesViewController.swift */,
				E5C9DB2E2A6912E00097FE0B /* FavoritesViewController.xib */,
			);
			path = Favorites;
			sourceTree = "<group>";
		};
		E5C9DB372A691EF90097FE0B /* TabBar */ = {
			isa = PBXGroup;
			children = (
				E5C9DB382A691F3B0097FE0B /* VideoGameTabBarController.swift */,
				E5C9DB3A2A691FA50097FE0B /* TabBarRouter.swift */,
			);
			path = TabBar;
			sourceTree = "<group>";
		};
		E5CCB80C2A5FEB6500864F1F /* Frameworks */ = {
			isa = PBXGroup;
			children = (
			);
			name = Frameworks;
			sourceTree = "<group>";
		};
		E5CCB80F2A5FECD100864F1F /* Extensions */ = {
			isa = PBXGroup;
			children = (
				E5CCB8102A5FED1800864F1F /* VideoGameService+Extension.swift */,
				E5D348272A616D6E00322844 /* UIView+Extension.swift */,
				E59AFE592A6522FB0060CA62 /* Collection+Extension.swift */,
				E59AFE5B2A65248F0060CA62 /* UIImageView+Extension.swift */,
				E5AE20972A6679F30022B4A9 /* UIApplication+Extension.swift */,
				E59CD2AC2A68053300B99CF5 /* UIImage+Extension.swift */,
				E5C9DB2A2A68F9500097FE0B /* UICollectionView+Extension.swift.swift */,
				E5C9DB412A6952350097FE0B /* MyCoreDataService+Extension.swift */,
				E59DA0E72A6AB15B0029AF33 /* String+Extension.swift */,
			);
			path = Extensions;
			sourceTree = "<group>";
		};
		E5CCB8122A5FEE5300864F1F /* Helper */ = {
			isa = PBXGroup;
			children = (
				E5CCB8132A5FEE7700864F1F /* GetListVideoGameRequest.swift */,
				E5CCB81A2A60410200864F1F /* GetDetailVideoGameRequest.swift */,
				E5A679372A6141AE0036D886 /* LoadingShowable.swift */,
				E5C9DB3D2A6950330097FE0B /* CoreDataReturnPersistentContainer.swift */,
			);
			path = Helper;
			sourceTree = "<group>";
		};
		E5CCB8152A600AB100864F1F /* Model */ = {
			isa = PBXGroup;
			children = (
				E5CCB8162A600AC500864F1F /* VideoGameModel.swift */,
				E5CCB8182A60397800864F1F /* DetailVideoGameModel.swift */,
			);
			path = Model;
			sourceTree = "<group>";
		};
		E5D348292A61867F00322844 /* Home */ = {
			isa = PBXGroup;
			children = (
				E59AFE5D2A6553020060CA62 /* Cell */,
				E59AFE642A6561B10060CA62 /* Model */,
				E5D3482E2A6186D500322844 /* HomeInteractor.swift */,
				E5D348302A6186E500322844 /* HomePresenter.swift */,
				E5D348322A61871100322844 /* HomeRouter.swift */,
				E5D3482A2A61869600322844 /* HomeViewController.swift */,
				E5C18DED2A64349500856941 /* HomeViewController.storyboard */,
				E5C18DEF2A64387300856941 /* HomePageViewController.swift */,
				E5C18DF12A6438AE00856941 /* PageDetailViewController.swift */,
			);
			path = Home;
			sourceTree = "<group>";
		};
		E5D3D2B02A5E983A00B98AD1 = {
			isa = PBXGroup;
			children = (
				E5C9DB3C2A6941EE0097FE0B /* MyCoreData */,
				E5CCB80B2A5FBDD800864F1F /* VideoGameAPI */,
				E5D3D2BB2A5E983A00B98AD1 /* VideoGameApp */,
				E5D3D2D52A5E983C00B98AD1 /* VideoGameAppTests */,
				E5D3D2DF2A5E983C00B98AD1 /* VideoGameAppUITests */,
				E5D3D2BA2A5E983A00B98AD1 /* Products */,
				E5CCB80C2A5FEB6500864F1F /* Frameworks */,
			);
			sourceTree = "<group>";
		};
		E5D3D2BA2A5E983A00B98AD1 /* Products */ = {
			isa = PBXGroup;
			children = (
				E5D3D2B92A5E983A00B98AD1 /* VideoGameApp.app */,
				E5D3D2D22A5E983C00B98AD1 /* VideoGameAppTests.xctest */,
				E5D3D2DC2A5E983C00B98AD1 /* VideoGameAppUITests.xctest */,
			);
			name = Products;
			sourceTree = "<group>";
		};
		E5D3D2BB2A5E983A00B98AD1 /* VideoGameApp */ = {
			isa = PBXGroup;
			children = (
				E5D3D2EF2A5E984C00B98AD1 /* App */,
				E5A679342A61401C0036D886 /* CustomView */,
				E5CCB80F2A5FECD100864F1F /* Extensions */,
				E5CCB8122A5FEE5300864F1F /* Helper */,
				E5CCB8152A600AB100864F1F /* Model */,
				E5A679252A6121F30036D886 /* Module */,
				E5495BB92A5EE4CA000CED59 /* SwiftGen */,
				E5D3D2CA2A5E983B00B98AD1 /* LaunchScreen.storyboard */,
				E5D3D2CD2A5E983B00B98AD1 /* Info.plist */,
			);
			path = VideoGameApp;
			sourceTree = "<group>";
		};
		E5D3D2D52A5E983C00B98AD1 /* VideoGameAppTests */ = {
			isa = PBXGroup;
			children = (
				E5D3D2D62A5E983C00B98AD1 /* VideoGameAppTests.swift */,
			);
			path = VideoGameAppTests;
			sourceTree = "<group>";
		};
		E5D3D2DF2A5E983C00B98AD1 /* VideoGameAppUITests */ = {
			isa = PBXGroup;
			children = (
				E5D3D2E02A5E983C00B98AD1 /* VideoGameAppUITests.swift */,
				E5D3D2E22A5E983C00B98AD1 /* VideoGameAppUITestsLaunchTests.swift */,
			);
			path = VideoGameAppUITests;
			sourceTree = "<group>";
		};
		E5D3D2EF2A5E984C00B98AD1 /* App */ = {
			isa = PBXGroup;
			children = (
				E5D3D2BC2A5E983A00B98AD1 /* AppDelegate.swift */,
				E5D3D2C82A5E983B00B98AD1 /* Assets.xcassets */,
				E59AFE572A6516490060CA62 /* Color.xcassets */,
				E5D3D2BE2A5E983A00B98AD1 /* SceneDelegate.swift */,
				E5D3D2C52A5E983A00B98AD1 /* VideoGameApp.xcdatamodeld */,
			);
			path = App;
			sourceTree = "<group>";
		};
/* End PBXGroup section */

/* Begin PBXNativeTarget section */
		E5D3D2B82A5E983A00B98AD1 /* VideoGameApp */ = {
			isa = PBXNativeTarget;
			buildConfigurationList = E5D3D2E62A5E983C00B98AD1 /* Build configuration list for PBXNativeTarget "VideoGameApp" */;
			buildPhases = (
				E5495BC02A5EE612000CED59 /* Swift Gen */,
				E5D3D2B52A5E983A00B98AD1 /* Sources */,
				E5D3D2B62A5E983A00B98AD1 /* Frameworks */,
				E5D3D2B72A5E983A00B98AD1 /* Resources */,
				E5D3D2F02A5E9A1E00B98AD1 /* ShellScript */,
			);
			buildRules = (
			);
			dependencies = (
			);
			name = VideoGameApp;
			packageProductDependencies = (
				E5CCB80D2A5FEB6500864F1F /* VideoGameAPI */,
				E5C9DB3F2A69507F0097FE0B /* MyCoreData */,
			);
			productName = VideoGameApp;
			productReference = E5D3D2B92A5E983A00B98AD1 /* VideoGameApp.app */;
			productType = "com.apple.product-type.application";
		};
		E5D3D2D12A5E983C00B98AD1 /* VideoGameAppTests */ = {
			isa = PBXNativeTarget;
			buildConfigurationList = E5D3D2E92A5E983C00B98AD1 /* Build configuration list for PBXNativeTarget "VideoGameAppTests" */;
			buildPhases = (
				E5D3D2CE2A5E983C00B98AD1 /* Sources */,
				E5D3D2CF2A5E983C00B98AD1 /* Frameworks */,
				E5D3D2D02A5E983C00B98AD1 /* Resources */,
				E5D3D2F12A5E9A7600B98AD1 /* ShellScript */,
			);
			buildRules = (
			);
			dependencies = (
				E5D3D2D42A5E983C00B98AD1 /* PBXTargetDependency */,
			);
			name = VideoGameAppTests;
			productName = VideoGameAppTests;
			productReference = E5D3D2D22A5E983C00B98AD1 /* VideoGameAppTests.xctest */;
			productType = "com.apple.product-type.bundle.unit-test";
		};
		E5D3D2DB2A5E983C00B98AD1 /* VideoGameAppUITests */ = {
			isa = PBXNativeTarget;
			buildConfigurationList = E5D3D2EC2A5E983C00B98AD1 /* Build configuration list for PBXNativeTarget "VideoGameAppUITests" */;
			buildPhases = (
				E5D3D2D82A5E983C00B98AD1 /* Sources */,
				E5D3D2D92A5E983C00B98AD1 /* Frameworks */,
				E5D3D2DA2A5E983C00B98AD1 /* Resources */,
				E5D3D2F22A5E9A7C00B98AD1 /* ShellScript */,
			);
			buildRules = (
			);
			dependencies = (
				E5D3D2DE2A5E983C00B98AD1 /* PBXTargetDependency */,
			);
			name = VideoGameAppUITests;
			productName = VideoGameAppUITests;
			productReference = E5D3D2DC2A5E983C00B98AD1 /* VideoGameAppUITests.xctest */;
			productType = "com.apple.product-type.bundle.ui-testing";
		};
/* End PBXNativeTarget section */

/* Begin PBXProject section */
		E5D3D2B12A5E983A00B98AD1 /* Project object */ = {
			isa = PBXProject;
			attributes = {
				BuildIndependentTargetsInParallel = 1;
				LastSwiftUpdateCheck = 1430;
				LastUpgradeCheck = 1430;
				TargetAttributes = {
					E5D3D2B82A5E983A00B98AD1 = {
						CreatedOnToolsVersion = 14.3.1;
					};
					E5D3D2D12A5E983C00B98AD1 = {
						CreatedOnToolsVersion = 14.3.1;
						TestTargetID = E5D3D2B82A5E983A00B98AD1;
					};
					E5D3D2DB2A5E983C00B98AD1 = {
						CreatedOnToolsVersion = 14.3.1;
						TestTargetID = E5D3D2B82A5E983A00B98AD1;
					};
				};
			};
			buildConfigurationList = E5D3D2B42A5E983A00B98AD1 /* Build configuration list for PBXProject "VideoGameApp" */;
			compatibilityVersion = "Xcode 14.0";
			developmentRegion = en;
			hasScannedForEncodings = 0;
			knownRegions = (
				en,
				Base,
			);
			mainGroup = E5D3D2B02A5E983A00B98AD1;
			productRefGroup = E5D3D2BA2A5E983A00B98AD1 /* Products */;
			projectDirPath = "";
			projectRoot = "";
			targets = (
				E5D3D2B82A5E983A00B98AD1 /* VideoGameApp */,
				E5D3D2D12A5E983C00B98AD1 /* VideoGameAppTests */,
				E5D3D2DB2A5E983C00B98AD1 /* VideoGameAppUITests */,
			);
		};
/* End PBXProject section */

/* Begin PBXResourcesBuildPhase section */
		E5D3D2B72A5E983A00B98AD1 /* Resources */ = {
			isa = PBXResourcesBuildPhase;
			buildActionMask = 2147483647;
			files = (
				E59AFE612A65532D0060CA62 /* VideoGameCollectionViewCell.xib in Resources */,
				E59CD2A52A67CCBB00B99CF5 /* DetailVideoGameViewController.xib in Resources */,
				E5D3D2CC2A5E983B00B98AD1 /* LaunchScreen.storyboard in Resources */,
				E59AFE582A6516490060CA62 /* Color.xcassets in Resources */,
				E5D3D2C92A5E983B00B98AD1 /* Assets.xcassets in Resources */,
				E5C9DB302A6912E00097FE0B /* FavoritesViewController.xib in Resources */,
				E5C18DEE2A64349500856941 /* HomeViewController.storyboard in Resources */,
				E5A6793D2A6142B00036D886 /* NoInternetViewController.xib in Resources */,
				E5495BBE2A5EE4CA000CED59 /* swiftgen.config.yml in Resources */,
				E5A6792A2A6123EC0036D886 /* SplashViewController.xib in Resources */,
				E5495BBF2A5EE4CA000CED59 /* template.stencil in Resources */,
			);
			runOnlyForDeploymentPostprocessing = 0;
		};
		E5D3D2D02A5E983C00B98AD1 /* Resources */ = {
			isa = PBXResourcesBuildPhase;
			buildActionMask = 2147483647;
			files = (
			);
			runOnlyForDeploymentPostprocessing = 0;
		};
		E5D3D2DA2A5E983C00B98AD1 /* Resources */ = {
			isa = PBXResourcesBuildPhase;
			buildActionMask = 2147483647;
			files = (
			);
			runOnlyForDeploymentPostprocessing = 0;
		};
/* End PBXResourcesBuildPhase section */

/* Begin PBXShellScriptBuildPhase section */
		E5495BC02A5EE612000CED59 /* Swift Gen */ = {
			isa = PBXShellScriptBuildPhase;
			buildActionMask = 2147483647;
			files = (
			);
			inputFileListPaths = (
			);
			inputPaths = (
			);
			name = "Swift Gen";
			outputFileListPaths = (
			);
			outputPaths = (
			);
			runOnlyForDeploymentPostprocessing = 0;
			shellPath = /bin/sh;
			shellScript = "# Type a script or drag a script file from your workspace to insert its path.\nexport PATH=\"$PATH:/opt/homebrew/bin\"\nif which swiftgen >& /dev/null; then swiftgen config run --config VideoGameApp/SwiftGen/swiftgen.config.yml\nelse \n    echo \"error: SwiftGen not installed , download from https://github.com/SwiftGen/SwiftGen\"\nfi\n";
		};
		E5D3D2F02A5E9A1E00B98AD1 /* ShellScript */ = {
			isa = PBXShellScriptBuildPhase;
			buildActionMask = 2147483647;
			files = (
			);
			inputFileListPaths = (
			);
			inputPaths = (
			);
			outputFileListPaths = (
			);
			outputPaths = (
			);
			runOnlyForDeploymentPostprocessing = 0;
			shellPath = /bin/sh;
			shellScript = "if [[ \"$(uname -m)\" == arm64 ]]; then\n    export PATH=\"/opt/homebrew/bin:$PATH\"\nfi\n\nif which swiftlint > /dev/null; then\n  swiftlint\nelse\n  echo \"warning: SwiftLint not installed, download from https://github.com/realm/SwiftLint\"\nfi\n";
		};
		E5D3D2F12A5E9A7600B98AD1 /* ShellScript */ = {
			isa = PBXShellScriptBuildPhase;
			buildActionMask = 2147483647;
			files = (
			);
			inputFileListPaths = (
			);
			inputPaths = (
			);
			outputFileListPaths = (
			);
			outputPaths = (
			);
			runOnlyForDeploymentPostprocessing = 0;
			shellPath = /bin/sh;
			shellScript = "if [[ \"$(uname -m)\" == arm64 ]]; then\n    export PATH=\"/opt/homebrew/bin:$PATH\"\nfi\n\nif which swiftlint > /dev/null; then\n  swiftlint\nelse\n  echo \"warning: SwiftLint not installed, download from https://github.com/realm/SwiftLint\"\nfi\n";
		};
		E5D3D2F22A5E9A7C00B98AD1 /* ShellScript */ = {
			isa = PBXShellScriptBuildPhase;
			buildActionMask = 2147483647;
			files = (
			);
			inputFileListPaths = (
			);
			inputPaths = (
			);
			outputFileListPaths = (
			);
			outputPaths = (
			);
			runOnlyForDeploymentPostprocessing = 0;
			shellPath = /bin/sh;
			shellScript = "if [[ \"$(uname -m)\" == arm64 ]]; then\n    export PATH=\"/opt/homebrew/bin:$PATH\"\nfi\n\nif which swiftlint > /dev/null; then\n  swiftlint\nelse\n  echo \"warning: SwiftLint not installed, download from https://github.com/realm/SwiftLint\"\nfi\n";
		};
/* End PBXShellScriptBuildPhase section */

/* Begin PBXSourcesBuildPhase section */
		E5D3D2B52A5E983A00B98AD1 /* Sources */ = {
			isa = PBXSourcesBuildPhase;
			buildActionMask = 2147483647;
			files = (
				E59AFE602A65532D0060CA62 /* VideoGameCollectionViewCell.swift in Sources */,
				E5A679432A6143E10036D886 /* NoInternetRouter.swift in Sources */,
				E59AFE5A2A6522FB0060CA62 /* Collection+Extension.swift in Sources */,
				E5D3482F2A6186D500322844 /* HomeInteractor.swift in Sources */,
				E5A679302A6124220036D886 /* SplashInteractor.swift in Sources */,
				E5A6792C2A6124000036D886 /* SplashRouter.swift in Sources */,
				E5CCB8172A600AC500864F1F /* VideoGameModel.swift in Sources */,
				E5C9DB322A6912FE0097FE0B /* FavoritesInteractor.swift in Sources */,
				E5A679382A6141AE0036D886 /* LoadingShowable.swift in Sources */,
				E5C9DB3B2A691FA50097FE0B /* TabBarRouter.swift in Sources */,
				E5D3D2BD2A5E983A00B98AD1 /* AppDelegate.swift in Sources */,
				E5C9DB3E2A6950330097FE0B /* CoreDataReturnPersistentContainer.swift in Sources */,
				E5A679332A61302E0036D886 /* BaseViewController.swift in Sources */,
				E5D3482C2A61869600322844 /* HomeViewController.swift in Sources */,
				E5CCB8192A60397800864F1F /* DetailVideoGameModel.swift in Sources */,
				E5CCB8112A5FED1800864F1F /* VideoGameService+Extension.swift in Sources */,
				E59DA0E82A6AB15B0029AF33 /* String+Extension.swift in Sources */,
				E5CCB81B2A60410200864F1F /* GetDetailVideoGameRequest.swift in Sources */,
				E5C18DF22A6438AE00856941 /* PageDetailViewController.swift in Sources */,
				E59CD2A72A67CCED00B99CF5 /* DetailVideoGameRouter.swift in Sources */,
				E59AFE5C2A65248F0060CA62 /* UIImageView+Extension.swift in Sources */,
				E5C9DB362A69131A0097FE0B /* FavoritesRouter.swift in Sources */,
				E59CD2A92A67CCFF00B99CF5 /* DetailVideoGamePresenter.swift in Sources */,
				E5C9DB2F2A6912E00097FE0B /* FavoritesViewController.swift in Sources */,
				E5C9DB422A6952350097FE0B /* MyCoreDataService+Extension.swift in Sources */,
				E5C9DB342A69130D0097FE0B /* FavoritesPresenter.swift in Sources */,
				E59AFE632A655E0B0060CA62 /* VideoGameCellPresenter.swift in Sources */,
				E5A679362A6140370036D886 /* LoadingView.swift in Sources */,
				E5A6793C2A6142B00036D886 /* NoInternetViewController.swift in Sources */,
				E59CD2AB2A67CD0F00B99CF5 /* DetailVideoGameInteractor.swift in Sources */,
				E5AE20982A6679F40022B4A9 /* UIApplication+Extension.swift in Sources */,
				E5D348332A61871100322844 /* HomeRouter.swift in Sources */,
				E5A679412A6143D20036D886 /* NoInternetInteractor.swift in Sources */,
				E59AFE662A65623E0060CA62 /* VideoGameCellModel.swift in Sources */,
				E5D348312A6186E500322844 /* HomePresenter.swift in Sources */,
				E5D3D2BF2A5E983A00B98AD1 /* SceneDelegate.swift in Sources */,
				E5A6793F2A6143C10036D886 /* NoInternetPresenter.swift in Sources */,
				E5D348282A616D6E00322844 /* UIView+Extension.swift in Sources */,
				E59CD2A42A67CCBB00B99CF5 /* DetailVideoGameViewController.swift in Sources */,
				E5C9DB392A691F3B0097FE0B /* VideoGameTabBarController.swift in Sources */,
				E5C18DF02A64387300856941 /* HomePageViewController.swift in Sources */,
				E5CCB8142A5FEE7700864F1F /* GetListVideoGameRequest.swift in Sources */,
				E5D3D2C72A5E983A00B98AD1 /* VideoGameApp.xcdatamodeld in Sources */,
				E5495BBD2A5EE4CA000CED59 /* Assets.generated.swift in Sources */,
				E59CD2AD2A68053300B99CF5 /* UIImage+Extension.swift in Sources */,
				E5A679292A6123EC0036D886 /* SplashViewController.swift in Sources */,
				E5A6792E2A6124100036D886 /* SplashPresenter.swift in Sources */,
				E5C9DB2B2A68F9500097FE0B /* UICollectionView+Extension.swift.swift in Sources */,
			);
			runOnlyForDeploymentPostprocessing = 0;
		};
		E5D3D2CE2A5E983C00B98AD1 /* Sources */ = {
			isa = PBXSourcesBuildPhase;
			buildActionMask = 2147483647;
			files = (
				E5D3D2D72A5E983C00B98AD1 /* VideoGameAppTests.swift in Sources */,
			);
			runOnlyForDeploymentPostprocessing = 0;
		};
		E5D3D2D82A5E983C00B98AD1 /* Sources */ = {
			isa = PBXSourcesBuildPhase;
			buildActionMask = 2147483647;
			files = (
				E5D3D2E32A5E983C00B98AD1 /* VideoGameAppUITestsLaunchTests.swift in Sources */,
				E5D3D2E12A5E983C00B98AD1 /* VideoGameAppUITests.swift in Sources */,
			);
			runOnlyForDeploymentPostprocessing = 0;
		};
/* End PBXSourcesBuildPhase section */

/* Begin PBXTargetDependency section */
		E5D3D2D42A5E983C00B98AD1 /* PBXTargetDependency */ = {
			isa = PBXTargetDependency;
			target = E5D3D2B82A5E983A00B98AD1 /* VideoGameApp */;
			targetProxy = E5D3D2D32A5E983C00B98AD1 /* PBXContainerItemProxy */;
		};
		E5D3D2DE2A5E983C00B98AD1 /* PBXTargetDependency */ = {
			isa = PBXTargetDependency;
			target = E5D3D2B82A5E983A00B98AD1 /* VideoGameApp */;
			targetProxy = E5D3D2DD2A5E983C00B98AD1 /* PBXContainerItemProxy */;
		};
/* End PBXTargetDependency section */

/* Begin PBXVariantGroup section */
		E5D3D2CA2A5E983B00B98AD1 /* LaunchScreen.storyboard */ = {
			isa = PBXVariantGroup;
			children = (
				E5D3D2CB2A5E983B00B98AD1 /* Base */,
			);
			name = LaunchScreen.storyboard;
			sourceTree = "<group>";
		};
/* End PBXVariantGroup section */

/* Begin XCBuildConfiguration section */
		E5D3D2E42A5E983C00B98AD1 /* Debug */ = {
			isa = XCBuildConfiguration;
			buildSettings = {
				ALWAYS_SEARCH_USER_PATHS = NO;
				CLANG_ANALYZER_NONNULL = YES;
				CLANG_ANALYZER_NUMBER_OBJECT_CONVERSION = YES_AGGRESSIVE;
				CLANG_CXX_LANGUAGE_STANDARD = "gnu++20";
				CLANG_ENABLE_MODULES = YES;
				CLANG_ENABLE_OBJC_ARC = YES;
				CLANG_ENABLE_OBJC_WEAK = YES;
				CLANG_WARN_BLOCK_CAPTURE_AUTORELEASING = YES;
				CLANG_WARN_BOOL_CONVERSION = YES;
				CLANG_WARN_COMMA = YES;
				CLANG_WARN_CONSTANT_CONVERSION = YES;
				CLANG_WARN_DEPRECATED_OBJC_IMPLEMENTATIONS = YES;
				CLANG_WARN_DIRECT_OBJC_ISA_USAGE = YES_ERROR;
				CLANG_WARN_DOCUMENTATION_COMMENTS = YES;
				CLANG_WARN_EMPTY_BODY = YES;
				CLANG_WARN_ENUM_CONVERSION = YES;
				CLANG_WARN_INFINITE_RECURSION = YES;
				CLANG_WARN_INT_CONVERSION = YES;
				CLANG_WARN_NON_LITERAL_NULL_CONVERSION = YES;
				CLANG_WARN_OBJC_IMPLICIT_RETAIN_SELF = YES;
				CLANG_WARN_OBJC_LITERAL_CONVERSION = YES;
				CLANG_WARN_OBJC_ROOT_CLASS = YES_ERROR;
				CLANG_WARN_QUOTED_INCLUDE_IN_FRAMEWORK_HEADER = YES;
				CLANG_WARN_RANGE_LOOP_ANALYSIS = YES;
				CLANG_WARN_STRICT_PROTOTYPES = YES;
				CLANG_WARN_SUSPICIOUS_MOVE = YES;
				CLANG_WARN_UNGUARDED_AVAILABILITY = YES_AGGRESSIVE;
				CLANG_WARN_UNREACHABLE_CODE = YES;
				CLANG_WARN__DUPLICATE_METHOD_MATCH = YES;
				COPY_PHASE_STRIP = NO;
				DEBUG_INFORMATION_FORMAT = dwarf;
				ENABLE_STRICT_OBJC_MSGSEND = YES;
				ENABLE_TESTABILITY = YES;
				GCC_C_LANGUAGE_STANDARD = gnu11;
				GCC_DYNAMIC_NO_PIC = NO;
				GCC_NO_COMMON_BLOCKS = YES;
				GCC_OPTIMIZATION_LEVEL = 0;
				GCC_PREPROCESSOR_DEFINITIONS = (
					"DEBUG=1",
					"$(inherited)",
				);
				GCC_WARN_64_TO_32_BIT_CONVERSION = YES;
				GCC_WARN_ABOUT_RETURN_TYPE = YES_ERROR;
				GCC_WARN_UNDECLARED_SELECTOR = YES;
				GCC_WARN_UNINITIALIZED_AUTOS = YES_AGGRESSIVE;
				GCC_WARN_UNUSED_FUNCTION = YES;
				GCC_WARN_UNUSED_VARIABLE = YES;
				IPHONEOS_DEPLOYMENT_TARGET = 16.4;
				MTL_ENABLE_DEBUG_INFO = INCLUDE_SOURCE;
				MTL_FAST_MATH = YES;
				ONLY_ACTIVE_ARCH = YES;
				SDKROOT = iphoneos;
				SWIFT_ACTIVE_COMPILATION_CONDITIONS = DEBUG;
				SWIFT_OPTIMIZATION_LEVEL = "-Onone";
			};
			name = Debug;
		};
		E5D3D2E52A5E983C00B98AD1 /* Release */ = {
			isa = XCBuildConfiguration;
			buildSettings = {
				ALWAYS_SEARCH_USER_PATHS = NO;
				CLANG_ANALYZER_NONNULL = YES;
				CLANG_ANALYZER_NUMBER_OBJECT_CONVERSION = YES_AGGRESSIVE;
				CLANG_CXX_LANGUAGE_STANDARD = "gnu++20";
				CLANG_ENABLE_MODULES = YES;
				CLANG_ENABLE_OBJC_ARC = YES;
				CLANG_ENABLE_OBJC_WEAK = YES;
				CLANG_WARN_BLOCK_CAPTURE_AUTORELEASING = YES;
				CLANG_WARN_BOOL_CONVERSION = YES;
				CLANG_WARN_COMMA = YES;
				CLANG_WARN_CONSTANT_CONVERSION = YES;
				CLANG_WARN_DEPRECATED_OBJC_IMPLEMENTATIONS = YES;
				CLANG_WARN_DIRECT_OBJC_ISA_USAGE = YES_ERROR;
				CLANG_WARN_DOCUMENTATION_COMMENTS = YES;
				CLANG_WARN_EMPTY_BODY = YES;
				CLANG_WARN_ENUM_CONVERSION = YES;
				CLANG_WARN_INFINITE_RECURSION = YES;
				CLANG_WARN_INT_CONVERSION = YES;
				CLANG_WARN_NON_LITERAL_NULL_CONVERSION = YES;
				CLANG_WARN_OBJC_IMPLICIT_RETAIN_SELF = YES;
				CLANG_WARN_OBJC_LITERAL_CONVERSION = YES;
				CLANG_WARN_OBJC_ROOT_CLASS = YES_ERROR;
				CLANG_WARN_QUOTED_INCLUDE_IN_FRAMEWORK_HEADER = YES;
				CLANG_WARN_RANGE_LOOP_ANALYSIS = YES;
				CLANG_WARN_STRICT_PROTOTYPES = YES;
				CLANG_WARN_SUSPICIOUS_MOVE = YES;
				CLANG_WARN_UNGUARDED_AVAILABILITY = YES_AGGRESSIVE;
				CLANG_WARN_UNREACHABLE_CODE = YES;
				CLANG_WARN__DUPLICATE_METHOD_MATCH = YES;
				COPY_PHASE_STRIP = NO;
				DEBUG_INFORMATION_FORMAT = "dwarf-with-dsym";
				ENABLE_NS_ASSERTIONS = NO;
				ENABLE_STRICT_OBJC_MSGSEND = YES;
				GCC_C_LANGUAGE_STANDARD = gnu11;
				GCC_NO_COMMON_BLOCKS = YES;
				GCC_WARN_64_TO_32_BIT_CONVERSION = YES;
				GCC_WARN_ABOUT_RETURN_TYPE = YES_ERROR;
				GCC_WARN_UNDECLARED_SELECTOR = YES;
				GCC_WARN_UNINITIALIZED_AUTOS = YES_AGGRESSIVE;
				GCC_WARN_UNUSED_FUNCTION = YES;
				GCC_WARN_UNUSED_VARIABLE = YES;
				IPHONEOS_DEPLOYMENT_TARGET = 16.4;
				MTL_ENABLE_DEBUG_INFO = NO;
				MTL_FAST_MATH = YES;
				SDKROOT = iphoneos;
				SWIFT_COMPILATION_MODE = wholemodule;
				SWIFT_OPTIMIZATION_LEVEL = "-O";
				VALIDATE_PRODUCT = YES;
			};
			name = Release;
		};
		E5D3D2E72A5E983C00B98AD1 /* Debug */ = {
			isa = XCBuildConfiguration;
			buildSettings = {
				ASSETCATALOG_COMPILER_APPICON_NAME = AppIcon;
				ASSETCATALOG_COMPILER_GLOBAL_ACCENT_COLOR_NAME = AccentColor;
				CODE_SIGN_STYLE = Automatic;
				CURRENT_PROJECT_VERSION = 1;
				GENERATE_INFOPLIST_FILE = YES;
				INFOPLIST_FILE = VideoGameApp/Info.plist;
				INFOPLIST_KEY_UIApplicationSupportsIndirectInputEvents = YES;
				INFOPLIST_KEY_UILaunchStoryboardName = LaunchScreen;
				INFOPLIST_KEY_UISupportedInterfaceOrientations_iPad = "UIInterfaceOrientationPortrait UIInterfaceOrientationPortraitUpsideDown UIInterfaceOrientationLandscapeLeft UIInterfaceOrientationLandscapeRight";
				INFOPLIST_KEY_UISupportedInterfaceOrientations_iPhone = "UIInterfaceOrientationPortrait UIInterfaceOrientationLandscapeLeft UIInterfaceOrientationLandscapeRight";
				LD_RUNPATH_SEARCH_PATHS = (
					"$(inherited)",
					"@executable_path/Frameworks",
				);
				MARKETING_VERSION = 1.0;
				PRODUCT_BUNDLE_IDENTIFIER = com.mertcanyaman.VideoGameApp;
				PRODUCT_NAME = "$(TARGET_NAME)";
				SWIFT_EMIT_LOC_STRINGS = YES;
				SWIFT_VERSION = 5.0;
				TARGETED_DEVICE_FAMILY = "1,2";
			};
			name = Debug;
		};
		E5D3D2E82A5E983C00B98AD1 /* Release */ = {
			isa = XCBuildConfiguration;
			buildSettings = {
				ASSETCATALOG_COMPILER_APPICON_NAME = AppIcon;
				ASSETCATALOG_COMPILER_GLOBAL_ACCENT_COLOR_NAME = AccentColor;
				CODE_SIGN_STYLE = Automatic;
				CURRENT_PROJECT_VERSION = 1;
				GENERATE_INFOPLIST_FILE = YES;
				INFOPLIST_FILE = VideoGameApp/Info.plist;
				INFOPLIST_KEY_UIApplicationSupportsIndirectInputEvents = YES;
				INFOPLIST_KEY_UILaunchStoryboardName = LaunchScreen;
				INFOPLIST_KEY_UISupportedInterfaceOrientations_iPad = "UIInterfaceOrientationPortrait UIInterfaceOrientationPortraitUpsideDown UIInterfaceOrientationLandscapeLeft UIInterfaceOrientationLandscapeRight";
				INFOPLIST_KEY_UISupportedInterfaceOrientations_iPhone = "UIInterfaceOrientationPortrait UIInterfaceOrientationLandscapeLeft UIInterfaceOrientationLandscapeRight";
				LD_RUNPATH_SEARCH_PATHS = (
					"$(inherited)",
					"@executable_path/Frameworks",
				);
				MARKETING_VERSION = 1.0;
				PRODUCT_BUNDLE_IDENTIFIER = com.mertcanyaman.VideoGameApp;
				PRODUCT_NAME = "$(TARGET_NAME)";
				SWIFT_EMIT_LOC_STRINGS = YES;
				SWIFT_VERSION = 5.0;
				TARGETED_DEVICE_FAMILY = "1,2";
			};
			name = Release;
		};
		E5D3D2EA2A5E983C00B98AD1 /* Debug */ = {
			isa = XCBuildConfiguration;
			buildSettings = {
				ALWAYS_EMBED_SWIFT_STANDARD_LIBRARIES = YES;
				BUNDLE_LOADER = "$(TEST_HOST)";
				CODE_SIGN_STYLE = Automatic;
				CURRENT_PROJECT_VERSION = 1;
				GENERATE_INFOPLIST_FILE = YES;
				IPHONEOS_DEPLOYMENT_TARGET = 16.4;
				MARKETING_VERSION = 1.0;
				PRODUCT_BUNDLE_IDENTIFIER = com.mertcanyaman.VideoGameAppTests;
				PRODUCT_NAME = "$(TARGET_NAME)";
				SWIFT_EMIT_LOC_STRINGS = NO;
				SWIFT_VERSION = 5.0;
				TARGETED_DEVICE_FAMILY = "1,2";
				TEST_HOST = "$(BUILT_PRODUCTS_DIR)/VideoGameApp.app/$(BUNDLE_EXECUTABLE_FOLDER_PATH)/VideoGameApp";
			};
			name = Debug;
		};
		E5D3D2EB2A5E983C00B98AD1 /* Release */ = {
			isa = XCBuildConfiguration;
			buildSettings = {
				ALWAYS_EMBED_SWIFT_STANDARD_LIBRARIES = YES;
				BUNDLE_LOADER = "$(TEST_HOST)";
				CODE_SIGN_STYLE = Automatic;
				CURRENT_PROJECT_VERSION = 1;
				GENERATE_INFOPLIST_FILE = YES;
				IPHONEOS_DEPLOYMENT_TARGET = 16.4;
				MARKETING_VERSION = 1.0;
				PRODUCT_BUNDLE_IDENTIFIER = com.mertcanyaman.VideoGameAppTests;
				PRODUCT_NAME = "$(TARGET_NAME)";
				SWIFT_EMIT_LOC_STRINGS = NO;
				SWIFT_VERSION = 5.0;
				TARGETED_DEVICE_FAMILY = "1,2";
				TEST_HOST = "$(BUILT_PRODUCTS_DIR)/VideoGameApp.app/$(BUNDLE_EXECUTABLE_FOLDER_PATH)/VideoGameApp";
			};
			name = Release;
		};
		E5D3D2ED2A5E983C00B98AD1 /* Debug */ = {
			isa = XCBuildConfiguration;
			buildSettings = {
				ALWAYS_EMBED_SWIFT_STANDARD_LIBRARIES = YES;
				CODE_SIGN_STYLE = Automatic;
				CURRENT_PROJECT_VERSION = 1;
				GENERATE_INFOPLIST_FILE = YES;
				MARKETING_VERSION = 1.0;
				PRODUCT_BUNDLE_IDENTIFIER = com.mertcanyaman.VideoGameAppUITests;
				PRODUCT_NAME = "$(TARGET_NAME)";
				SWIFT_EMIT_LOC_STRINGS = NO;
				SWIFT_VERSION = 5.0;
				TARGETED_DEVICE_FAMILY = "1,2";
				TEST_TARGET_NAME = VideoGameApp;
			};
			name = Debug;
		};
		E5D3D2EE2A5E983C00B98AD1 /* Release */ = {
			isa = XCBuildConfiguration;
			buildSettings = {
				ALWAYS_EMBED_SWIFT_STANDARD_LIBRARIES = YES;
				CODE_SIGN_STYLE = Automatic;
				CURRENT_PROJECT_VERSION = 1;
				GENERATE_INFOPLIST_FILE = YES;
				MARKETING_VERSION = 1.0;
				PRODUCT_BUNDLE_IDENTIFIER = com.mertcanyaman.VideoGameAppUITests;
				PRODUCT_NAME = "$(TARGET_NAME)";
				SWIFT_EMIT_LOC_STRINGS = NO;
				SWIFT_VERSION = 5.0;
				TARGETED_DEVICE_FAMILY = "1,2";
				TEST_TARGET_NAME = VideoGameApp;
			};
			name = Release;
		};
/* End XCBuildConfiguration section */

/* Begin XCConfigurationList section */
		E5D3D2B42A5E983A00B98AD1 /* Build configuration list for PBXProject "VideoGameApp" */ = {
			isa = XCConfigurationList;
			buildConfigurations = (
				E5D3D2E42A5E983C00B98AD1 /* Debug */,
				E5D3D2E52A5E983C00B98AD1 /* Release */,
			);
			defaultConfigurationIsVisible = 0;
			defaultConfigurationName = Release;
		};
		E5D3D2E62A5E983C00B98AD1 /* Build configuration list for PBXNativeTarget "VideoGameApp" */ = {
			isa = XCConfigurationList;
			buildConfigurations = (
				E5D3D2E72A5E983C00B98AD1 /* Debug */,
				E5D3D2E82A5E983C00B98AD1 /* Release */,
			);
			defaultConfigurationIsVisible = 0;
			defaultConfigurationName = Release;
		};
		E5D3D2E92A5E983C00B98AD1 /* Build configuration list for PBXNativeTarget "VideoGameAppTests" */ = {
			isa = XCConfigurationList;
			buildConfigurations = (
				E5D3D2EA2A5E983C00B98AD1 /* Debug */,
				E5D3D2EB2A5E983C00B98AD1 /* Release */,
			);
			defaultConfigurationIsVisible = 0;
			defaultConfigurationName = Release;
		};
		E5D3D2EC2A5E983C00B98AD1 /* Build configuration list for PBXNativeTarget "VideoGameAppUITests" */ = {
			isa = XCConfigurationList;
			buildConfigurations = (
				E5D3D2ED2A5E983C00B98AD1 /* Debug */,
				E5D3D2EE2A5E983C00B98AD1 /* Release */,
			);
			defaultConfigurationIsVisible = 0;
			defaultConfigurationName = Release;
		};
/* End XCConfigurationList section */

/* Begin XCSwiftPackageProductDependency section */
		E5C9DB3F2A69507F0097FE0B /* MyCoreData */ = {
			isa = XCSwiftPackageProductDependency;
			productName = MyCoreData;
		};
		E5CCB80D2A5FEB6500864F1F /* VideoGameAPI */ = {
			isa = XCSwiftPackageProductDependency;
			productName = VideoGameAPI;
		};
/* End XCSwiftPackageProductDependency section */

/* Begin XCVersionGroup section */
		E5D3D2C52A5E983A00B98AD1 /* VideoGameApp.xcdatamodeld */ = {
			isa = XCVersionGroup;
			children = (
				E5D3D2C62A5E983A00B98AD1 /* VideoGameApp.xcdatamodel */,
			);
			currentVersion = E5D3D2C62A5E983A00B98AD1 /* VideoGameApp.xcdatamodel */;
			path = VideoGameApp.xcdatamodeld;
			sourceTree = "<group>";
			versionGroupType = wrapper.xcdatamodel;
		};
/* End XCVersionGroup section */
	};
	rootObject = E5D3D2B12A5E983A00B98AD1 /* Project object */;
}
